
Microsoft Visual Studio Solution File, Format Version 12.00
# Visual Studio Version 16
VisualStudioVersion = 16.0.30204.135
MinimumVisualStudioVersion = 10.0.40219.1
Project("{9A19103F-16F7-4668-BE54-9A1E7A4F7556}") = "Backend.Api", "Backend.Api\Backend.Api.csproj", "{43E7CBC4-F0A4-4ACD-BE91-5CD44FE0979E}"
EndProject
Project("{9A19103F-16F7-4668-BE54-9A1E7A4F7556}") = "Backend.Infrastructure", "Backend.Infrastructure\Backend.Infrastructure.csproj", "{B26004D9-5D2A-4797-9A99-F856C3E15A36}"
EndProject
Project("{9A19103F-16F7-4668-BE54-9A1E7A4F7556}") = "Backend.Core", "Backend.Core\Backend.Core.csproj", "{48BC832A-73AC-453A-8991-F3D29353C3F5}"
EndProject
Project("{9A19103F-16F7-4668-BE54-9A1E7A4F7556}") = "Backend.Tests.Unit", "Backend.Tests.Unit\Backend.Tests.Unit.csproj", "{6A4A5E9E-2A94-4916-8828-C322AB8EBA96}"
EndProject
Global
	GlobalSection(SolutionConfigurationPlatforms) = preSolution
		Debug|Any CPU = Debug|Any CPU
		Release|Any CPU = Release|Any CPU
	EndGlobalSection
	GlobalSection(ProjectConfigurationPlatforms) = postSolution
		{43E7CBC4-F0A4-4ACD-BE91-5CD44FE0979E}.Debug|Any CPU.ActiveCfg = Debug|Any CPU
		{43E7CBC4-F0A4-4ACD-BE91-5CD44FE0979E}.Debug|Any CPU.Build.0 = Debug|Any CPU
		{43E7CBC4-F0A4-4ACD-BE91-5CD44FE0979E}.Release|Any CPU.ActiveCfg = Release|Any CPU
		{43E7CBC4-F0A4-4ACD-BE91-5CD44FE0979E}.Release|Any CPU.Build.0 = Release|Any CPU
		{B26004D9-5D2A-4797-9A99-F856C3E15A36}.Debug|Any CPU.ActiveCfg = Debug|Any CPU
		{B26004D9-5D2A-4797-9A99-F856C3E15A36}.Debug|Any CPU.Build.0 = Debug|Any CPU
		{B26004D9-5D2A-4797-9A99-F856C3E15A36}.Release|Any CPU.ActiveCfg = Release|Any CPU
		{B26004D9-5D2A-4797-9A99-F856C3E15A36}.Release|Any CPU.Build.0 = Release|Any CPU
		{48BC832A-73AC-453A-8991-F3D29353C3F5}.Debug|Any CPU.ActiveCfg = Debug|Any CPU
		{48BC832A-73AC-453A-8991-F3D29353C3F5}.Debug|Any CPU.Build.0 = Debug|Any CPU
		{48BC832A-73AC-453A-8991-F3D29353C3F5}.Release|Any CPU.ActiveCfg = Release|Any CPU
		{48BC832A-73AC-453A-8991-F3D29353C3F5}.Release|Any CPU.Build.0 = Release|Any CPU
		{6A4A5E9E-2A94-4916-8828-C322AB8EBA96}.Debug|Any CPU.ActiveCfg = Debug|Any CPU
		{6A4A5E9E-2A94-4916-8828-C322AB8EBA96}.Debug|Any CPU.Build.0 = Debug|Any CPU
		{6A4A5E9E-2A94-4916-8828-C322AB8EBA96}.Release|Any CPU.ActiveCfg = Release|Any CPU
		{6A4A5E9E-2A94-4916-8828-C322AB8EBA96}.Release|Any CPU.Build.0 = Release|Any CPU
	EndGlobalSection
	GlobalSection(SolutionProperties) = preSolution
		HideSolutionNode = FALSE
	EndGlobalSection
	GlobalSection(ExtensibilityGlobals) = postSolution
		SolutionGuid = {C95423C9-1568-4C81-A592-3E91A6B83DA9}
	EndGlobalSection
EndGlobal
